
Microsoft Visual Studio Solution File, Format Version 12.00
# Visual Studio 14
VisualStudioVersion = 14.0.25420.1
MinimumVisualStudioVersion = 10.0.40219.1
Project("{9CD8898A-D083-4198-8235-13570F820BFA}") = "WasabiIvrIFlowWizard", "WasabiIvrIFlowWizard.csproj", "{F6471FCF-8A2C-4216-AAC3-E1A795BD5930}"
EndProject
Global
	GlobalSection(SolutionConfigurationPlatforms) = preSolution
		Debug|Any CPU = Debug|Any CPU
		Release|Any CPU = Release|Any CPU
	EndGlobalSection
	GlobalSection(ProjectConfigurationPlatforms) = postSolution
		{F6471FCF-8A2C-4216-AAC3-E1A795BD5930}.Debug|Any CPU.ActiveCfg = Debug|Any CPU
		{F6471FCF-8A2C-4216-AAC3-E1A795BD5930}.Debug|Any CPU.Build.0 = Debug|Any CPU
		{F6471FCF-8A2C-4216-AAC3-E1A795BD5930}.Release|Any CPU.ActiveCfg = Release|Any CPU
		{F6471FCF-8A2C-4216-AAC3-E1A795BD5930}.Release|Any CPU.Build.0 = Release|Any CPU
	EndGlobalSection
	GlobalSection(SolutionProperties) = preSolution
		HideSolutionNode = FALSE
	EndGlobalSection
EndGlobal
